
Microsoft Visual Studio Solution File, Format Version 12.00
Project("{FAE04EC0-301F-11D3-BF4B-00C04F79EFBC}") = "PushSharp.Apple.Http2", "PushSharp.Apple\PushSharp.Apple.Http2.csproj", "{A9D99F80-FEEB-4E74-96C5-66F17103C773}"
EndProject
Global
	GlobalSection(SolutionConfigurationPlatforms) = preSolution
		Debug|Any CPU = Debug|Any CPU
		Release|Any CPU = Release|Any CPU
	EndGlobalSection
	GlobalSection(ProjectConfigurationPlatforms) = postSolution
		{A9D99F80-FEEB-4E74-96C5-66F17103C773}.Debug|Any CPU.ActiveCfg = Debug|Any CPU
		{A9D99F80-FEEB-4E74-96C5-66F17103C773}.Debug|Any CPU.Build.0 = Debug|Any CPU
		{A9D99F80-FEEB-4E74-96C5-66F17103C773}.Release|Any CPU.ActiveCfg = Release|Any CPU
		{A9D99F80-FEEB-4E74-96C5-66F17103C773}.Release|Any CPU.Build.0 = Release|Any CPU
	EndGlobalSection
EndGlobal
